PODS:
  - AFNetworking (3.1.0):
    - AFNetworking/NSURLSession (= 3.1.0)
    - AFNetworking/Reachability (= 3.1.0)
    - AFNetworking/Security (= 3.1.0)
    - AFNetworking/Serialization (= 3.1.0)
    - AFNetworking/UIKit (= 3.1.0)
  - AFNetworking/NSURLSession (3.1.0):
    - AFNetworking/Reachability
    - AFNetworking/Security
    - AFNetworking/Serialization
  - AFNetworking/Reachability (3.1.0)
  - AFNetworking/Security (3.1.0)
  - AFNetworking/Serialization (3.1.0)
  - AFNetworking/UIKit (3.1.0):
    - AFNetworking/NSURLSession
  - FBRetainCycleDetector (0.1.4)
  - HappyDNS (0.3.14)
  - IQKeyboardManager (4.0.13)
  - Masonry (1.1.0)
  - MJExtension (3.0.15)
  - MJRefresh (3.1.15.3)
  - MLeaksFinder (1.0.0):
    - FBRetainCycleDetector
  - Qiniu (7.2.4):
    - HappyDNS (~> 0.3)
  - SDWebImage (4.4.1):
    - SDWebImage/Core (= 4.4.1)
  - SDWebImage/Core (4.4.1)
  - SVProgressHUD (2.2.5)
  - TYAlertController (1.2.0)
  - YYText (1.0.7)

DEPENDENCIES:
  - AFNetworking (~> 3.1.0)
  - IQKeyboardManager (~> 4.0.10)
  - Masonry (~> 1.1.0)
  - MJExtension (~> 3.0.15)
  - MJRefresh (~> 3.1.15.3)
  - MLeaksFinder
  - Qiniu (~> 7.1)
  - SDWebImage (~> 4.4.1)
  - SVProgressHUD (~> 2.2.5)
  - TYAlertController (~> 1.2.0)
  - YYText

SPEC REPOS:
  https://github.com/cocoapods/specs.git:
    - AFNetworking
    - FBRetainCycleDetector
    - HappyDNS
    - IQKeyboardManager
    - Masonry
    - MJExtension
    - MJRefresh
    - MLeaksFinder
    - Qiniu
    - SDWebImage
    - SVProgressHUD
    - TYAlertController
    - YYText

SPEC CHECKSUMS:
  AFNetworking: 5e0e199f73d8626b11e79750991f5d173d1f8b67
  FBRetainCycleDetector: 46f8179bbb1c587deee3ea838a1a3ee02acf5015
  HappyDNS: dc6a164ee81979093123c241c6353bcf0218add6
  IQKeyboardManager: 8eab4d8111418414619d1df8e4779ce5d0f8d7e2
  Masonry: 678fab65091a9290e40e2832a55e7ab731aad201
  MJExtension: 3f039575db1b135a20699ad298713b26acec1528
  MJRefresh: b48380ae2b927b46c4ef000de9adb8dc748e1df7
  MLeaksFinder: 8c435bd2f6d070af18cff082b503b21adc130fc0
  Qiniu: 65384bca1cdb0480a68d9b9b8f54db53418c0355
  SDWebImage: 47e9b5b925cbce75946c23f0c42dd19464189af4
  SVProgressHUD: 1428aafac632c1f86f62aa4243ec12008d7a51d6
  TYAlertController: c121090edb0bea7426f987da94cdddd81eef4231
  YYText: 5c461d709e24d55a182d1441c41dc639a18a4849

PODFILE CHECKSUM: 19926358bf697a3ccfafd61bbf5c299eb0486e48

COCOAPODS: 1.5.3
